
Microsoft Visual Studio Solution File, Format Version 12.00
# Visual Studio Version 17
VisualStudioVersion = 17.0.31903.59
MinimumVisualStudioVersion = 10.0.40219.1
Project("{FAE04EC0-301F-11D3-BF4B-00C04F79EFBC}") = "FootballReport", "FootballReport.csproj", "{DF0AF30A-EFF3-46D4-8499-4720DC123916}"
EndProject
Project("{2150E333-8FDC-42A3-9474-1A3956D46DE8}") = "tests", "tests", "{0AB3BF05-4346-4AA6-1389-037BE0695223}"
EndProject
Project("{FAE04EC0-301F-11D3-BF4B-00C04F79EFBC}") = "FootballReport.Tests", "tests\FootballReport.Tests.csproj", "{DEEC0392-003A-439D-AAFC-9D51644FC5D3}"
EndProject
Project("{FAE04EC0-301F-11D3-BF4B-00C04F79EFBC}") = "FootballReport.Ui", "FootballReport.Ui\FootballReport.Ui.csproj", "{64E5239F-D3F9-469F-80E1-14ECD7829BFE}"
EndProject
Global
	GlobalSection(SolutionConfigurationPlatforms) = preSolution
		Debug|Any CPU = Debug|Any CPU
		Debug|x64 = Debug|x64
		Debug|x86 = Debug|x86
		Release|Any CPU = Release|Any CPU
		Release|x64 = Release|x64
		Release|x86 = Release|x86
	EndGlobalSection
	GlobalSection(ProjectConfigurationPlatforms) = postSolution
		{DF0AF30A-EFF3-46D4-8499-4720DC123916}.Debug|Any CPU.ActiveCfg = Debug|Any CPU
		{DF0AF30A-EFF3-46D4-8499-4720DC123916}.Debug|Any CPU.Build.0 = Debug|Any CPU
		{DF0AF30A-EFF3-46D4-8499-4720DC123916}.Debug|x64.ActiveCfg = Debug|Any CPU
		{DF0AF30A-EFF3-46D4-8499-4720DC123916}.Debug|x64.Build.0 = Debug|Any CPU
		{DF0AF30A-EFF3-46D4-8499-4720DC123916}.Debug|x86.ActiveCfg = Debug|Any CPU
		{DF0AF30A-EFF3-46D4-8499-4720DC123916}.Debug|x86.Build.0 = Debug|Any CPU
		{DF0AF30A-EFF3-46D4-8499-4720DC123916}.Release|Any CPU.ActiveCfg = Release|Any CPU
		{DF0AF30A-EFF3-46D4-8499-4720DC123916}.Release|Any CPU.Build.0 = Release|Any CPU
		{DF0AF30A-EFF3-46D4-8499-4720DC123916}.Release|x64.ActiveCfg = Release|Any CPU
		{DF0AF30A-EFF3-46D4-8499-4720DC123916}.Release|x64.Build.0 = Release|Any CPU
		{DF0AF30A-EFF3-46D4-8499-4720DC123916}.Release|x86.ActiveCfg = Release|Any CPU
		{DF0AF30A-EFF3-46D4-8499-4720DC123916}.Release|x86.Build.0 = Release|Any CPU
		{DEEC0392-003A-439D-AAFC-9D51644FC5D3}.Debug|Any CPU.ActiveCfg = Debug|Any CPU
		{DEEC0392-003A-439D-AAFC-9D51644FC5D3}.Debug|Any CPU.Build.0 = Debug|Any CPU
		{DEEC0392-003A-439D-AAFC-9D51644FC5D3}.Debug|x64.ActiveCfg = Debug|Any CPU
		{DEEC0392-003A-439D-AAFC-9D51644FC5D3}.Debug|x64.Build.0 = Debug|Any CPU
		{DEEC0392-003A-439D-AAFC-9D51644FC5D3}.Debug|x86.ActiveCfg = Debug|Any CPU
		{DEEC0392-003A-439D-AAFC-9D51644FC5D3}.Debug|x86.Build.0 = Debug|Any CPU
		{DEEC0392-003A-439D-AAFC-9D51644FC5D3}.Release|Any CPU.ActiveCfg = Release|Any CPU
		{DEEC0392-003A-439D-AAFC-9D51644FC5D3}.Release|Any CPU.Build.0 = Release|Any CPU
		{DEEC0392-003A-439D-AAFC-9D51644FC5D3}.Release|x64.ActiveCfg = Release|Any CPU
		{DEEC0392-003A-439D-AAFC-9D51644FC5D3}.Release|x64.Build.0 = Release|Any CPU
		{DEEC0392-003A-439D-AAFC-9D51644FC5D3}.Release|x86.ActiveCfg = Release|Any CPU
		{DEEC0392-003A-439D-AAFC-9D51644FC5D3}.Release|x86.Build.0 = Release|Any CPU
		{64E5239F-D3F9-469F-80E1-14ECD7829BFE}.Debug|Any CPU.ActiveCfg = Debug|Any CPU
		{64E5239F-D3F9-469F-80E1-14ECD7829BFE}.Debug|Any CPU.Build.0 = Debug|Any CPU
		{64E5239F-D3F9-469F-80E1-14ECD7829BFE}.Debug|x64.ActiveCfg = Debug|Any CPU
		{64E5239F-D3F9-469F-80E1-14ECD7829BFE}.Debug|x64.Build.0 = Debug|Any CPU
		{64E5239F-D3F9-469F-80E1-14ECD7829BFE}.Debug|x86.ActiveCfg = Debug|Any CPU
		{64E5239F-D3F9-469F-80E1-14ECD7829BFE}.Debug|x86.Build.0 = Debug|Any CPU
		{64E5239F-D3F9-469F-80E1-14ECD7829BFE}.Release|Any CPU.ActiveCfg = Release|Any CPU
		{64E5239F-D3F9-469F-80E1-14ECD7829BFE}.Release|Any CPU.Build.0 = Release|Any CPU
		{64E5239F-D3F9-469F-80E1-14ECD7829BFE}.Release|x64.ActiveCfg = Release|Any CPU
		{64E5239F-D3F9-469F-80E1-14ECD7829BFE}.Release|x64.Build.0 = Release|Any CPU
		{64E5239F-D3F9-469F-80E1-14ECD7829BFE}.Release|x86.ActiveCfg = Release|Any CPU
		{64E5239F-D3F9-469F-80E1-14ECD7829BFE}.Release|x86.Build.0 = Release|Any CPU
	EndGlobalSection
	GlobalSection(SolutionProperties) = preSolution
		HideSolutionNode = FALSE
	EndGlobalSection
	GlobalSection(NestedProjects) = preSolution
		{DEEC0392-003A-439D-AAFC-9D51644FC5D3} = {0AB3BF05-4346-4AA6-1389-037BE0695223}
	EndGlobalSection
EndGlobal
